// !$*UTF8*$!
{
	archiveVersion = 1;
	classes = {
	};
	objectVersion = 46;
	objects = {

/* Begin PBXBuildFile section */
		189A46F71F278644006DF15B /* AppDelegate.swift in Sources */ = {isa = PBXBuildFile; fileRef = 189A46F61F278644006DF15B /* AppDelegate.swift */; };
		189A46F91F278644006DF15B /* ViewController.swift in Sources */ = {isa = PBXBuildFile; fileRef = 189A46F81F278644006DF15B /* ViewController.swift */; };
		189A46FC1F278644006DF15B /* Main.storyboard in Resources */ = {isa = PBXBuildFile; fileRef = 189A46FA1F278644006DF15B /* Main.storyboard */; };
		189A46FE1F278644006DF15B /* Assets.xcassets in Resources */ = {isa = PBXBuildFile; fileRef = 189A46FD1F278644006DF15B /* Assets.xcassets */; };
		189A47011F278644006DF15B /* LaunchScreen.storyboard in Resources */ = {isa = PBXBuildFile; fileRef = 189A46FF1F278644006DF15B /* LaunchScreen.storyboard */; };
/* End PBXBuildFile section */

/* Begin PBXFileReference section */
		189A46F31F278644006DF15B /* SupportApp.app */ = {isa = PBXFileReference; explicitFileType = wrapper.application; includeInIndex = 0; path = SupportApp.app; sourceTree = BUILT_PRODUCTS_DIR; };
		189A46F61F278644006DF15B /* AppDelegate.swift */ = {isa = PBXFileReference; lastKnownFileType = sourcecode.swift; path = AppDelegate.swift; sourceTree = "<group>"; };
		189A46F81F278644006DF15B /* ViewController.swift */ = {isa = PBXFileReference; lastKnownFileType = sourcecode.swift; path = ViewController.swift; sourceTree = "<group>"; };
		189A46FB1F278644006DF15B /* Base */ = {isa = PBXFileReference; lastKnownFileType = file.storyboard; name = Base; path = Base.lproj/Main.storyboard; sourceTree = "<group>"; };
		189A46FD1F278644006DF15B /* Assets.xcassets */ = {isa = PBXFileReference; lastKnownFileType = folder.assetcatalog; path = Assets.xcassets; sourceTree = "<group>"; };
		189A47001F278644006DF15B /* Base */ = {isa = PBXFileReference; lastKnownFileType = file.storyboard; name = Base; path = Base.lproj/LaunchScreen.storyboard; sourceTree = "<group>"; };
		189A47021F278644006DF15B /* Info.plist */ = {isa = PBXFileReference; lastKnownFileType = text.plist.xml; path = Info.plist; sourceTree = "<group>"; };
/* End PBXFileReference section */

/* Begin PBXFrameworksBuildPhase section */
		189A46F01F278644006DF15B /* Frameworks */ = {
			isa = PBXFrameworksBuildPhase;
			buildActionMask = 2147483647;
			files = (
			);
			runOnlyForDeploymentPostprocessing = 0;
		};
/* End PBXFrameworksBuildPhase section */

/* Begin PBXGroup section */
		189A46EA1F278643006DF15B = {
			isa = PBXGroup;
			children = (
				189A46F51F278644006DF15B /* SupportApp */,
				189A46F41F278644006DF15B /* Products */,
			);
			sourceTree = "<group>";
		};
		189A46F41F278644006DF15B /* Products */ = {
			isa = PBXGroup;
			children = (
				189A46F31F278644006DF15B /* SupportApp.app */,
			);
			name = Products;
			sourceTree = "<group>";
		};
		189A46F51F278644006DF15B /* SupportApp */ = {
			isa = PBXGroup;
			children = (
				189A46F61F278644006DF15B /* AppDelegate.swift */,
				189A46F81F278644006DF15B /* ViewController.swift */,
				189A46FA1F278644006DF15B /* Main.storyboard */,
				189A46FD1F278644006DF15B /* Assets.xcassets */,
				189A46FF1F278644006DF15B /* LaunchScreen.storyboard */,
				189A47021F278644006DF15B /* Info.plist */,
			);
			path = SupportApp;
			sourceTree = "<group>";
		};
/* End PBXGroup section */

/* Begin PBXNativeTarget section */
		189A46F21F278644006DF15B /* SupportApp */ = {
			isa = PBXNativeTarget;
			buildConfigurationList = 189A47051F278644006DF15B /* Build configuration list for PBXNativeTarget "SupportApp" */;
			buildPhases = (
				189A46EF1F278644006DF15B /* Sources */,
				189A46F01F278644006DF15B /* Frameworks */,
				189A46F11F278644006DF15B /* Resources */,
			);
			buildRules = (
			);
			dependencies = (
			);
			name = SupportApp;
			productName = SupportApp;
			productReference = 189A46F31F278644006DF15B /* SupportApp.app */;
			productType = "com.apple.product-type.application";
		};
/* End PBXNativeTarget section */

/* Begin PBXProject section */
		189A46EB1F278644006DF15B /* Project object */ = {
			isa = PBXProject;
			attributes = {
				LastSwiftUpdateCheck = 0830;
				LastUpgradeCheck = 0830;
				ORGANIZATIONNAME = "Thanh Tu Le Xuan";
				TargetAttributes = {
					189A46F21F278644006DF15B = {
						CreatedOnToolsVersion = 8.3.3;
						DevelopmentTeam = M37C2L4H2B;
						ProvisioningStyle = Automatic;
					};
				};
			};
			buildConfigurationList = 189A46EE1F278644006DF15B /* Build configuration list for PBXProject "SupportApp" */;
			compatibilityVersion = "Xcode 3.2";
			developmentRegion = English;
			hasScannedForEncodings = 0;
			knownRegions = (
				en,
				Base,
			);
			mainGroup = 189A46EA1F278643006DF15B;
			productRefGroup = 189A46F41F278644006DF15B /* Products */;
			projectDirPath = "";
			projectRoot = "";
			targets = (
				189A46F21F278644006DF15B /* SupportApp */,
			);
		};
/* End PBXProject section */

/* Begin PBXResourcesBuildPhase section */
		189A46F11F278644006DF15B /* Resources */ = {
			isa = PBXResourcesBuildPhase;
			buildActionMask = 2147483647;
			files = (
				189A47011F278644006DF15B /* LaunchScreen.storyboard in Resources */,
				189A46FE1F278644006DF15B /* Assets.xcassets in Resources */,
				189A46FC1F278644006DF15B /* Main.storyboard in Resources */,
			);
			runOnlyForDeploymentPostprocessing = 0;
		};
/* End PBXResourcesBuildPhase section */

/* Begin PBXSourcesBuildPhase section */
		189A46EF1F278644006DF15B /* Sources */ = {
			isa = PBXSourcesBuildPhase;
			buildActionMask = 2147483647;
			files = (
				189A46F91F278644006DF15B /* ViewController.swift in Sources */,
				189A46F71F278644006DF15B /* AppDelegate.swift in Sources */,
			);
			runOnlyForDeploymentPostprocessing = 0;
		};
/* End PBXSourcesBuildPhase section */

/* Begin PBXVariantGroup section */
		189A46FA1F278644006DF15B /* Main.storyboard */ = {
			isa = PBXVariantGroup;
			children = (
				189A46FB1F278644006DF15B /* Base */,
			);
			name = Main.storyboard;
			sourceTree = "<group>";
		};
		189A46FF1F278644006DF15B /* LaunchScreen.storyboard */ = {
			isa = PBXVariantGroup;
			children = (
				189A47001F278644006DF15B /* Base */,
			);
			name = LaunchScreen.storyboard;
			sourceTree = "<group>";
		};
/* End PBXVariantGroup section */

/* Begin XCBuildConfiguration section */
		189A47031F278644006DF15B /* Debug */ = {
			isa = XCBuildConfiguration;
			buildSettings = {
				ALWAYS_SEARCH_USER_PATHS = NO;
				CLANG_ANALYZER_NONNULL = YES;
				CLANG_ANALYZER_NUMBER_OBJECT_CONVERSION = YES_AGGRESSIVE;
				CLANG_CXX_LANGUAGE_STANDARD = "gnu++0x";
				CLANG_CXX_LIBRARY = "libc++";
				CLANG_ENABLE_MODULES = YES;
				CLANG_ENABLE_OBJC_ARC = YES;
				CLANG_WARN_BOOL_CONVERSION = YES;
				CLANG_WARN_CONSTANT_CONVERSION = YES;
				CLANG_WARN_DIRECT_OBJC_ISA_USAGE = YES_ERROR;
				CLANG_WARN_DOCUMENTATION_COMMENTS = YES;
				CLANG_WARN_EMPTY_BODY = YES;
				CLANG_WARN_ENUM_CONVERSION = YES;
				CLANG_WARN_INFINITE_RECURSION = YES;
				CLANG_WARN_INT_CONVERSION = YES;
				CLANG_WARN_OBJC_ROOT_CLASS = YES_ERROR;
				CLANG_WARN_SUSPICIOUS_MOVE = YES;
				CLANG_WARN_UNREACHABLE_CODE = YES;
				CLANG_WARN__DUPLICATE_METHOD_MATCH = YES;
				"CODE_SIGN_IDENTITY[sdk=iphoneos*]" = "iPhone Developer";
				COPY_PHASE_STRIP = NO;
				DEBUG_INFORMATION_FORMAT = dwarf;
				ENABLE_STRICT_OBJC_MSGSEND = YES;
				ENABLE_TESTABILITY = YES;
				GCC_C_LANGUAGE_STANDARD = gnu99;
				GCC_DYNAMIC_NO_PIC = NO;
				GCC_NO_COMMON_BLOCKS = YES;
				GCC_OPTIMIZATION_LEVEL = 0;
				GCC_PREPROCESSOR_DEFINITIONS = (
					"DEBUG=1",
					"$(inherited)",
				);
				GCC_WARN_64_TO_32_BIT_CONVERSION = YES;
				GCC_WARN_ABOUT_RETURN_TYPE = YES_ERROR;
				GCC_WARN_UNDECLARED_SELECTOR = YES;
				GCC_WARN_UNINITIALIZED_AUTOS = YES_AGGRESSIVE;
				GCC_WARN_UNUSED_FUNCTION = YES;
				GCC_WARN_UNUSED_VARIABLE = YES;
				IPHONEOS_DEPLOYMENT_TARGET = 10.3;
				MTL_ENABLE_DEBUG_INFO = YES;
				ONLY_ACTIVE_ARCH = YES;
				SDKROOT = iphoneos;
				SWIFT_ACTIVE_COMPILATION_CONDITIONS = DEBUG;
				SWIFT_OPTIMIZATION_LEVEL = "-Onone";
				TARGETED_DEVICE_FAMILY = "1,2";
			};
			name = Debug;
		};
		189A47041F278644006DF15B /* Release */ = {
			isa = XCBuildConfiguration;
			buildSettings = {
				ALWAYS_SEARCH_USER_PATHS = NO;
				CLANG_ANALYZER_NONNULL = YES;
				CLANG_ANALYZER_NUMBER_OBJECT_CONVERSION = YES_AGGRESSIVE;
				CLANG_CXX_LANGUAGE_STANDARD = "gnu++0x";
				CLANG_CXX_LIBRARY = "libc++";
				CLANG_ENABLE_MODULES = YES;
				CLANG_ENABLE_OBJC_ARC = YES;
				CLANG_WARN_BOOL_CONVERSION = YES;
				CLANG_WARN_CONSTANT_CONVERSION = YES;
				CLANG_WARN_DIRECT_OBJC_ISA_USAGE = YES_ERROR;
				CLANG_WARN_DOCUMENTATION_COMMENTS = YES;
				CLANG_WARN_EMPTY_BODY = YES;
				CLANG_WARN_ENUM_CONVERSION = YES;
				CLANG_WARN_INFINITE_RECURSION = YES;
				CLANG_WARN_INT_CONVERSION = YES;
				CLANG_WARN_OBJC_ROOT_CLASS = YES_ERROR;
				CLANG_WARN_SUSPICIOUS_MOVE = YES;
				CLANG_WARN_UNREACHABLE_CODE = YES;
				CLANG_WARN__DUPLICATE_METHOD_MATCH = YES;
				"CODE_SIGN_IDENTITY[sdk=iphoneos*]" = "iPhone Developer";
				COPY_PHASE_STRIP = NO;
				DEBUG_INFORMATION_FORMAT = "dwarf-with-dsym";
				ENABLE_NS_ASSERTIONS = NO;
				ENABLE_STRICT_OBJC_MSGSEND = YES;
				GCC_C_LANGUAGE_STANDARD = gnu99;
				GCC_NO_COMMON_BLOCKS = YES;
				GCC_WARN_64_TO_32_BIT_CONVERSION = YES;
				GCC_WARN_ABOUT_RETURN_TYPE = YES_ERROR;
				GCC_WARN_UNDECLARED_SELECTOR = YES;
				GCC_WARN_UNINITIALIZED_AUTOS = YES_AGGRESSIVE;
				GCC_WARN_UNUSED_FUNCTION = YES;
				GCC_WARN_UNUSED_VARIABLE = YES;
				IPHONEOS_DEPLOYMENT_TARGET = 10.3;
				MTL_ENABLE_DEBUG_INFO = NO;
				SDKROOT = iphoneos;
				SWIFT_OPTIMIZATION_LEVEL = "-Owholemodule";
				TARGETED_DEVICE_FAMILY = "1,2";
				VALIDATE_PRODUCT = YES;
			};
			name = Release;
		};
		189A47061F278644006DF15B /* Debug */ = {
			isa = XCBuildConfiguration;
			buildSettings = {
				ASSETCATALOG_COMPILER_APPICON_NAME = AppIcon;
				DEVELOPMENT_TEAM = M37C2L4H2B;
				INFOPLIST_FILE = SupportApp/Info.plist;
				LD_RUNPATH_SEARCH_PATHS = "$(inherited) @executable_path/Frameworks";
				PRODUCT_BUNDLE_IDENTIFIER = com.thanhtu.SupportApp;
				PRODUCT_NAME = "$(TARGET_NAME)";
				SWIFT_VERSION = 3.0;
			};
			name = Debug;
		};
		189A47071F278644006DF15B /* Release */ = {
			isa = XCBuildConfiguration;
			buildSettings = {
				ASSETCATALOG_COMPILER_APPICON_NAME = AppIcon;
				DEVELOPMENT_TEAM = M37C2L4H2B;
				INFOPLIST_FILE = SupportApp/Info.plist;
				LD_RUNPATH_SEARCH_PATHS = "$(inherited) @executable_path/Frameworks";
				PRODUCT_BUNDLE_IDENTIFIER = com.thanhtu.SupportApp;
				PRODUCT_NAME = "$(TARGET_NAME)";
				SWIFT_VERSION = 3.0;
			};
			name = Release;
		};
/* End XCBuildConfiguration section */

/* Begin XCConfigurationList section */
		189A46EE1F278644006DF15B /* Build configuration list for PBXProject "SupportApp" */ = {
			isa = XCConfigurationList;
			buildConfigurations = (
				189A47031F278644006DF15B /* Debug */,
				189A47041F278644006DF15B /* Release */,
			);
			defaultConfigurationIsVisible = 0;
			defaultConfigurationName = Release;
		};
		189A47051F278644006DF15B /* Build configuration list for PBXNativeTarget "SupportApp" */ = {
			isa = XCConfigurationList;
			buildConfigurations = (
				189A47061F278644006DF15B /* Debug */,
				189A47071F278644006DF15B /* Release */,
			);
			defaultConfigurationIsVisible = 0;
		};
/* End XCConfigurationList section */
	};
	rootObject = 189A46EB1F278644006DF15B /* Project object */;
}
